
Microsoft Visual Studio Solution File, Format Version 12.00
# Visual Studio Version 17
VisualStudioVersion = 17.5.33516.290
MinimumVisualStudioVersion = 10.0.40219.1
Project("{2150E333-8FDC-42A3-9474-1A3956D46DE8}") = "Internal", "Internal", "{7A334DC9-FE3F-4480-845C-25096EBD3EB6}"
EndProject
Project("{2150E333-8FDC-42A3-9474-1A3956D46DE8}") = "Scripts", "Scripts", "{593F7762-15D5-465B-81FD-475215695E3F}"
EndProject
Project("{2150E333-8FDC-42A3-9474-1A3956D46DE8}") = "Dlls", "Dlls", "{50D28D6A-8C3A-4D3B-90D1-35A33243E1FF}"
	ProjectSection(SolutionItems) = preProject
		Dlls\AboutThisFolder.md = Dlls\AboutThisFolder.md
	EndProjectSection
EndProject
Project("{2150E333-8FDC-42A3-9474-1A3956D46DE8}") = "CompanionFiles", "CompanionFiles", "{27FEBD4A-63AF-4646-800D-97B869F1E322}"
EndProject
Project("{2150E333-8FDC-42A3-9474-1A3956D46DE8}") = "Skyline DataMiner", "Skyline DataMiner", "{47C7B623-8F2F-4642-8B4A-0672EE468E50}"
	ProjectSection(SolutionItems) = preProject
		CompanionFiles\Skyline DataMiner\AboutThisFolder.md = CompanionFiles\Skyline DataMiner\AboutThisFolder.md
	EndProjectSection
EndProject
Project("{2150E333-8FDC-42A3-9474-1A3956D46DE8}") = "Documentation", "Documentation", "{963C9C42-E3C3-483D-ACE5-BFA64A71E201}"
	ProjectSection(SolutionItems) = preProject
		Documentation\AboutThisFolder.md = Documentation\AboutThisFolder.md
		README.md = README.md
	EndProjectSection
EndProject
Project("{2150E333-8FDC-42A3-9474-1A3956D46DE8}") = "Code Analysis", "Code Analysis", "{160F6165-1B19-4194-AFE6-3E28AA239651}"
	ProjectSection(SolutionItems) = preProject
		Internal\Code Analysis\qaction-debug.ruleset = Internal\Code Analysis\qaction-debug.ruleset
		Internal\Code Analysis\qaction-release.ruleset = Internal\Code Analysis\qaction-release.ruleset
	EndProjectSection
EndProject
Project("{2150E333-8FDC-42A3-9474-1A3956D46DE8}") = "NevionVideoIPath_SourceTags", "NevionVideoIPath_SourceTags", "{7E494BFD-5D25-405E-ACC6-8A195E38788F}"
	ProjectSection(SolutionItems) = preProject
		NevionVideoIPath_SourceTags.xml = NevionVideoIPath_SourceTags.xml
	EndProjectSection
EndProject
Project("{2150E333-8FDC-42A3-9474-1A3956D46DE8}") = "Actions", "Actions", "{E5EC0779-8FF3-48EF-B192-09D45DA770E3}"
EndProject
Project("{FAE04EC0-301F-11D3-BF4B-00C04F79EFBC}") = "NevionVideoIPath_SourceTags_1", "NevionVideoIPath_SourceTags_1\NevionVideoIPath_SourceTags_1.csproj", "{65C4C806-395E-44C3-BADB-33A2575CACAF}"
EndProject
Global
	GlobalSection(SolutionConfigurationPlatforms) = preSolution
		Debug|Any CPU = Debug|Any CPU
		Release|Any CPU = Release|Any CPU
	EndGlobalSection
	GlobalSection(ProjectConfigurationPlatforms) = postSolution
		{65C4C806-395E-44C3-BADB-33A2575CACAF}.Debug|Any CPU.ActiveCfg = Debug|Any CPU
		{65C4C806-395E-44C3-BADB-33A2575CACAF}.Debug|Any CPU.Build.0 = Debug|Any CPU
		{65C4C806-395E-44C3-BADB-33A2575CACAF}.Release|Any CPU.ActiveCfg = Release|Any CPU
		{65C4C806-395E-44C3-BADB-33A2575CACAF}.Release|Any CPU.Build.0 = Release|Any CPU
	EndGlobalSection
	GlobalSection(SolutionProperties) = preSolution
		HideSolutionNode = FALSE
	EndGlobalSection
	GlobalSection(NestedProjects) = preSolution
		{47C7B623-8F2F-4642-8B4A-0672EE468E50} = {27FEBD4A-63AF-4646-800D-97B869F1E322}
		{160F6165-1B19-4194-AFE6-3E28AA239651} = {7A334DC9-FE3F-4480-845C-25096EBD3EB6}
		{7E494BFD-5D25-405E-ACC6-8A195E38788F} = {593F7762-15D5-465B-81FD-475215695E3F}
		{E5EC0779-8FF3-48EF-B192-09D45DA770E3} = {7E494BFD-5D25-405E-ACC6-8A195E38788F}
		{65C4C806-395E-44C3-BADB-33A2575CACAF} = {E5EC0779-8FF3-48EF-B192-09D45DA770E3}
	EndGlobalSection
	GlobalSection(ExtensibilityGlobals) = postSolution
		SolutionGuid = {D725A676-34B2-415E-B7A0-B037D947C360}
	EndGlobalSection
EndGlobal
