
Microsoft Visual Studio Solution File, Format Version 12.00
# Visual Studio Version 17
VisualStudioVersion = 17.5.33516.290
MinimumVisualStudioVersion = 10.0.40219.1
Project("{2150E333-8FDC-42A3-9474-1A3956D46DE8}") = "Internal", "Internal", "{7A334DC9-FE3F-4480-845C-25096EBD3EB6}"
EndProject
Project("{2150E333-8FDC-42A3-9474-1A3956D46DE8}") = "Scripts", "Scripts", "{593F7762-15D5-465B-81FD-475215695E3F}"
EndProject
Project("{2150E333-8FDC-42A3-9474-1A3956D46DE8}") = "Dlls", "Dlls", "{50D28D6A-8C3A-4D3B-90D1-35A33243E1FF}"
	ProjectSection(SolutionItems) = preProject
		Dlls\AboutThisFolder.md = Dlls\AboutThisFolder.md
	EndProjectSection
EndProject
Project("{2150E333-8FDC-42A3-9474-1A3956D46DE8}") = "CompanionFiles", "CompanionFiles", "{27FEBD4A-63AF-4646-800D-97B869F1E322}"
EndProject
Project("{2150E333-8FDC-42A3-9474-1A3956D46DE8}") = "Skyline DataMiner", "Skyline DataMiner", "{47C7B623-8F2F-4642-8B4A-0672EE468E50}"
	ProjectSection(SolutionItems) = preProject
		CompanionFiles\Skyline DataMiner\AboutThisFolder.md = CompanionFiles\Skyline DataMiner\AboutThisFolder.md
	EndProjectSection
EndProject
Project("{2150E333-8FDC-42A3-9474-1A3956D46DE8}") = "Documentation", "Documentation", "{963C9C42-E3C3-483D-ACE5-BFA64A71E201}"
	ProjectSection(SolutionItems) = preProject
		Documentation\AboutThisFolder.md = Documentation\AboutThisFolder.md
		README.md = README.md
	EndProjectSection
EndProject
Project("{2150E333-8FDC-42A3-9474-1A3956D46DE8}") = "Code Analysis", "Code Analysis", "{160F6165-1B19-4194-AFE6-3E28AA239651}"
	ProjectSection(SolutionItems) = preProject
		Internal\Code Analysis\qaction-debug.ruleset = Internal\Code Analysis\qaction-debug.ruleset
		Internal\Code Analysis\qaction-release.ruleset = Internal\Code Analysis\qaction-release.ruleset
	EndProjectSection
EndProject
Project("{2150E333-8FDC-42A3-9474-1A3956D46DE8}") = "GQI_NevionVideoIPath_GetTags", "GQI_NevionVideoIPath_GetTags", "{7E494BFD-5D25-405E-ACC6-8A195E38788F}"
	ProjectSection(SolutionItems) = preProject
		GQI_NevionVideoIPath_GetTags.xml = GQI_NevionVideoIPath_GetTags.xml
	EndProjectSection
EndProject
Project("{2150E333-8FDC-42A3-9474-1A3956D46DE8}") = "Actions", "Actions", "{E5EC0779-8FF3-48EF-B192-09D45DA770E3}"
EndProject
Project("{FAE04EC0-301F-11D3-BF4B-00C04F79EFBC}") = "GQI_NevionVideoIPath_GetTags", "GQI_NevionVideoIPath_GetTags\GQI_NevionVideoIPath_GetTags.csproj", "{65C4C806-395E-44C3-BADB-33A2575CACAF}"
EndProject
Project("{2150E333-8FDC-42A3-9474-1A3956D46DE8}") = "DisconnectServices", "DisconnectServices", "{F6E013DA-F1B0-4F71-B275-DA6C0CCBBDF4}"
	ProjectSection(SolutionItems) = preProject
		DisconnectServices.xml = DisconnectServices.xml
	EndProjectSection
EndProject
Project("{2150E333-8FDC-42A3-9474-1A3956D46DE8}") = "Actions", "Actions", "{EC737409-DE24-45CB-BFD9-A3CDC312BD12}"
EndProject
Project("{FAE04EC0-301F-11D3-BF4B-00C04F79EFBC}") = "DisconnectServices_1", "DisconnectServices_1\DisconnectServices_1.csproj", "{D0E9ED30-836B-4A2B-B0EE-1B758B071427}"
EndProject
Project("{2150E333-8FDC-42A3-9474-1A3956D46DE8}") = "ScheduleServices", "ScheduleServices", "{CEA1B5E7-BB13-4AA6-AC9A-5CF6DDE5B030}"
	ProjectSection(SolutionItems) = preProject
		ScheduleServices.xml = ScheduleServices.xml
	EndProjectSection
EndProject
Project("{2150E333-8FDC-42A3-9474-1A3956D46DE8}") = "Actions", "Actions", "{4DCCC498-99D1-4CDD-9AF1-7A09864E343C}"
EndProject
Project("{FAE04EC0-301F-11D3-BF4B-00C04F79EFBC}") = "ScheduleServices_1", "ScheduleServices_1\ScheduleServices_1.csproj", "{0B3AD003-5883-4687-84BC-14D97404DD84}"
EndProject
Project("{2150E333-8FDC-42A3-9474-1A3956D46DE8}") = "ConnectServices", "ConnectServices", "{F3EFEFFC-5146-493B-825C-FCC3A3E26DCD}"
	ProjectSection(SolutionItems) = preProject
		ConnectServices.xml = ConnectServices.xml
	EndProjectSection
EndProject
Project("{2150E333-8FDC-42A3-9474-1A3956D46DE8}") = "Actions", "Actions", "{828C94F5-F957-4A09-8E40-6C4BDA8837EA}"
EndProject
Project("{FAE04EC0-301F-11D3-BF4B-00C04F79EFBC}") = "ConnectServices_1", "ConnectServices_1\ConnectServices_1.csproj", "{347E552E-D6F4-4A35-B5A2-F259EC87EAEF}"
EndProject
Project("{2150E333-8FDC-42A3-9474-1A3956D46DE8}") = "Services", "Services", "{93230EAF-8C3B-44B0-96B2-9092F166A0C8}"
EndProject
Project("{2150E333-8FDC-42A3-9474-1A3956D46DE8}") = "GQI", "GQI", "{A5F96D06-DEB8-49A8-B58A-74B24B264661}"
EndProject
Project("{2150E333-8FDC-42A3-9474-1A3956D46DE8}") = "GQI_NevionVideoIPath_GetSources", "GQI_NevionVideoIPath_GetSources", "{33E539DD-E3D7-40A9-B347-53AD3963F802}"
	ProjectSection(SolutionItems) = preProject
		GQI_NevionVideoIPath_GetSources.xml = GQI_NevionVideoIPath_GetSources.xml
	EndProjectSection
EndProject
Project("{2150E333-8FDC-42A3-9474-1A3956D46DE8}") = "Actions", "Actions", "{F2C0D301-8E19-4E69-9B2D-B6E4AEE52AC1}"
EndProject
Project("{FAE04EC0-301F-11D3-BF4B-00C04F79EFBC}") = "GQI_NevionVideoIPath_GetSources_1", "GQI_NevionVideoIPath_GetSources_1\GQI_NevionVideoIPath_GetSources_1.csproj", "{F43843CF-C0F5-4160-912A-BAEBF5CF2649}"
EndProject
Project("{2150E333-8FDC-42A3-9474-1A3956D46DE8}") = "GQI_NevionVideoIPath_GetDestinations", "GQI_NevionVideoIPath_GetDestinations", "{476E569A-94C7-46BE-BD79-00877DF3DF72}"
	ProjectSection(SolutionItems) = preProject
		GQI_NevionVideoIPath_GetDestinations.xml = GQI_NevionVideoIPath_GetDestinations.xml
	EndProjectSection
EndProject
Project("{2150E333-8FDC-42A3-9474-1A3956D46DE8}") = "Actions", "Actions", "{54F71850-018B-40CF-AAC1-994C43495B98}"
EndProject
Project("{FAE04EC0-301F-11D3-BF4B-00C04F79EFBC}") = "GQI_NevionVideoIPath_GetDestinations_1", "GQI_NevionVideoIPath_GetDestinations_1\GQI_NevionVideoIPath_GetDestinations_1.csproj", "{FDE62181-0D66-459D-B17B-260925CAB08B}"
EndProject
Global
	GlobalSection(SolutionConfigurationPlatforms) = preSolution
		Debug|Any CPU = Debug|Any CPU
		Release|Any CPU = Release|Any CPU
	EndGlobalSection
	GlobalSection(ProjectConfigurationPlatforms) = postSolution
		{65C4C806-395E-44C3-BADB-33A2575CACAF}.Debug|Any CPU.ActiveCfg = Debug|Any CPU
		{65C4C806-395E-44C3-BADB-33A2575CACAF}.Debug|Any CPU.Build.0 = Debug|Any CPU
		{65C4C806-395E-44C3-BADB-33A2575CACAF}.Release|Any CPU.ActiveCfg = Release|Any CPU
		{65C4C806-395E-44C3-BADB-33A2575CACAF}.Release|Any CPU.Build.0 = Release|Any CPU
		{D0E9ED30-836B-4A2B-B0EE-1B758B071427}.Debug|Any CPU.ActiveCfg = Debug|Any CPU
		{D0E9ED30-836B-4A2B-B0EE-1B758B071427}.Debug|Any CPU.Build.0 = Debug|Any CPU
		{D0E9ED30-836B-4A2B-B0EE-1B758B071427}.Release|Any CPU.ActiveCfg = Release|Any CPU
		{D0E9ED30-836B-4A2B-B0EE-1B758B071427}.Release|Any CPU.Build.0 = Release|Any CPU
		{0B3AD003-5883-4687-84BC-14D97404DD84}.Debug|Any CPU.ActiveCfg = Debug|Any CPU
		{0B3AD003-5883-4687-84BC-14D97404DD84}.Debug|Any CPU.Build.0 = Debug|Any CPU
		{0B3AD003-5883-4687-84BC-14D97404DD84}.Release|Any CPU.ActiveCfg = Release|Any CPU
		{0B3AD003-5883-4687-84BC-14D97404DD84}.Release|Any CPU.Build.0 = Release|Any CPU
		{347E552E-D6F4-4A35-B5A2-F259EC87EAEF}.Debug|Any CPU.ActiveCfg = Debug|Any CPU
		{347E552E-D6F4-4A35-B5A2-F259EC87EAEF}.Debug|Any CPU.Build.0 = Debug|Any CPU
		{347E552E-D6F4-4A35-B5A2-F259EC87EAEF}.Release|Any CPU.ActiveCfg = Release|Any CPU
		{347E552E-D6F4-4A35-B5A2-F259EC87EAEF}.Release|Any CPU.Build.0 = Release|Any CPU
		{F43843CF-C0F5-4160-912A-BAEBF5CF2649}.Debug|Any CPU.ActiveCfg = Debug|Any CPU
		{F43843CF-C0F5-4160-912A-BAEBF5CF2649}.Debug|Any CPU.Build.0 = Debug|Any CPU
		{F43843CF-C0F5-4160-912A-BAEBF5CF2649}.Release|Any CPU.ActiveCfg = Release|Any CPU
		{F43843CF-C0F5-4160-912A-BAEBF5CF2649}.Release|Any CPU.Build.0 = Release|Any CPU
		{FDE62181-0D66-459D-B17B-260925CAB08B}.Debug|Any CPU.ActiveCfg = Debug|Any CPU
		{FDE62181-0D66-459D-B17B-260925CAB08B}.Debug|Any CPU.Build.0 = Debug|Any CPU
		{FDE62181-0D66-459D-B17B-260925CAB08B}.Release|Any CPU.ActiveCfg = Release|Any CPU
		{FDE62181-0D66-459D-B17B-260925CAB08B}.Release|Any CPU.Build.0 = Release|Any CPU
	EndGlobalSection
	GlobalSection(SolutionProperties) = preSolution
		HideSolutionNode = FALSE
	EndGlobalSection
	GlobalSection(NestedProjects) = preSolution
		{47C7B623-8F2F-4642-8B4A-0672EE468E50} = {27FEBD4A-63AF-4646-800D-97B869F1E322}
		{160F6165-1B19-4194-AFE6-3E28AA239651} = {7A334DC9-FE3F-4480-845C-25096EBD3EB6}
		{7E494BFD-5D25-405E-ACC6-8A195E38788F} = {A5F96D06-DEB8-49A8-B58A-74B24B264661}
		{E5EC0779-8FF3-48EF-B192-09D45DA770E3} = {7E494BFD-5D25-405E-ACC6-8A195E38788F}
		{65C4C806-395E-44C3-BADB-33A2575CACAF} = {E5EC0779-8FF3-48EF-B192-09D45DA770E3}
		{F6E013DA-F1B0-4F71-B275-DA6C0CCBBDF4} = {93230EAF-8C3B-44B0-96B2-9092F166A0C8}
		{EC737409-DE24-45CB-BFD9-A3CDC312BD12} = {F6E013DA-F1B0-4F71-B275-DA6C0CCBBDF4}
		{D0E9ED30-836B-4A2B-B0EE-1B758B071427} = {EC737409-DE24-45CB-BFD9-A3CDC312BD12}
		{CEA1B5E7-BB13-4AA6-AC9A-5CF6DDE5B030} = {93230EAF-8C3B-44B0-96B2-9092F166A0C8}
		{4DCCC498-99D1-4CDD-9AF1-7A09864E343C} = {CEA1B5E7-BB13-4AA6-AC9A-5CF6DDE5B030}
		{0B3AD003-5883-4687-84BC-14D97404DD84} = {4DCCC498-99D1-4CDD-9AF1-7A09864E343C}
		{F3EFEFFC-5146-493B-825C-FCC3A3E26DCD} = {93230EAF-8C3B-44B0-96B2-9092F166A0C8}
		{828C94F5-F957-4A09-8E40-6C4BDA8837EA} = {F3EFEFFC-5146-493B-825C-FCC3A3E26DCD}
		{347E552E-D6F4-4A35-B5A2-F259EC87EAEF} = {828C94F5-F957-4A09-8E40-6C4BDA8837EA}
		{93230EAF-8C3B-44B0-96B2-9092F166A0C8} = {593F7762-15D5-465B-81FD-475215695E3F}
		{A5F96D06-DEB8-49A8-B58A-74B24B264661} = {593F7762-15D5-465B-81FD-475215695E3F}
		{33E539DD-E3D7-40A9-B347-53AD3963F802} = {A5F96D06-DEB8-49A8-B58A-74B24B264661}
		{F2C0D301-8E19-4E69-9B2D-B6E4AEE52AC1} = {33E539DD-E3D7-40A9-B347-53AD3963F802}
		{F43843CF-C0F5-4160-912A-BAEBF5CF2649} = {F2C0D301-8E19-4E69-9B2D-B6E4AEE52AC1}
		{476E569A-94C7-46BE-BD79-00877DF3DF72} = {593F7762-15D5-465B-81FD-475215695E3F}
		{54F71850-018B-40CF-AAC1-994C43495B98} = {476E569A-94C7-46BE-BD79-00877DF3DF72}
		{FDE62181-0D66-459D-B17B-260925CAB08B} = {54F71850-018B-40CF-AAC1-994C43495B98}
	EndGlobalSection
	GlobalSection(ExtensibilityGlobals) = postSolution
		SolutionGuid = {D725A676-34B2-415E-B7A0-B037D947C360}
	EndGlobalSection
EndGlobal
